{
    "_readme": [
        "This file locks the dependencies of your project to a known state",
        "Read more about it at https://getcomposer.org/doc/01-basic-usage.md#installing-dependencies",
        "This file is @generated automatically"
    ],
    "content-hash": "8a7d96da0f42f09f5738b236d78986d6",
    "packages": [
        {
            "name": "ceceppa/meno",
            "version": "dev-master",
            "source": {
                "type": "git",
                "url": "https://gitlab.com/ceceppa/meno.git",
                "reference": "5723a119570aa433692e7214dcc0a2886ab138c2"
            },
            "dist": {
                "type": "zip",
                "url": "https://gitlab.com/api/v4/projects/ceceppa%2Fmeno/repository/archive.zip?sha=5723a119570aa433692e7214dcc0a2886ab138c2",
                "reference": "5723a119570aa433692e7214dcc0a2886ab138c2",
                "shasum": ""
            },
            "require": {
                "wp-coding-standards/wpcs": "^2.2"
            },
            "require-dev": {
                "nunomaduro/phpinsights": "^1.9",
                "phpunit/phpunit": "^7.5.7",
                "sempro/phpunit-pretty-print": "^1.0"
            },
            "type": "library",
            "autoload": {
                "files": [
                    "meno.php"
                ]
            },
            "autoload-dev": {
                "files": []
            },
            "scripts": {
                "test": [
                    "./run-tests.sh"
                ],
                "phpunit": [
                    "./vendor/bin/phpunit --colors=always"
                ],
                "phpinsights": [
                    "./vendor/bin/phpinsights -n"
                ]
            },
            "license": [
                "MIT"
            ],
            "authors": [
                {
                    "name": "Ceceppa",
                    "email": "info@ceceppa.me"
                }
            ],
            "description": "A WordPress Library to keep small your upload folder",
            "homepage": "https://gitlab.com/ceceppa/meno",
            "time": "2020-02-10T07:10:13+00:00"
        },
        {
            "name": "jjgrainger/posttypes",
            "version": "2.1",
            "source": {
                "type": "git",
                "url": "https://github.com/jjgrainger/PostTypes.git",
                "reference": "a87584606e9ef726f7621c1d71a184fdf7282172"
            },
            "dist": {
                "type": "zip",
                "url": "https://api.github.com/repos/jjgrainger/PostTypes/zipball/a87584606e9ef726f7621c1d71a184fdf7282172",
                "reference": "a87584606e9ef726f7621c1d71a184fdf7282172",
                "shasum": ""
            },
            "require": {
                "php": ">=7.2"
            },
            "require-dev": {
                "phpunit/phpunit": "8.*",
                "squizlabs/php_codesniffer": "3.*"
            },
            "type": "library",
            "autoload": {
                "psr-4": {
                    "PostTypes\\": "src/"
                }
            },
            "notification-url": "https://packagist.org/downloads/",
            "license": [
                "MIT"
            ],
            "authors": [
                {
                    "name": "Joe Grainger",
                    "email": "hello@jjgrainger.co.uk",
                    "homepage": "https://jjgrainger.co.uk"
                }
            ],
            "description": "Simple WordPress custom post types.",
            "homepage": "https://github.com/jjgrainger/posttype",
            "time": "2020-04-12T13:01:12+00:00"
        },
        {
            "name": "squizlabs/php_codesniffer",
            "version": "3.5.4",
            "source": {
                "type": "git",
                "url": "https://github.com/squizlabs/PHP_CodeSniffer.git",
                "reference": "dceec07328401de6211037abbb18bda423677e26"
            },
            "dist": {
                "type": "zip",
                "url": "https://api.github.com/repos/squizlabs/PHP_CodeSniffer/zipball/dceec07328401de6211037abbb18bda423677e26",
                "reference": "dceec07328401de6211037abbb18bda423677e26",
                "shasum": ""
            },
            "require": {
                "ext-simplexml": "*",
                "ext-tokenizer": "*",
                "ext-xmlwriter": "*",
                "php": ">=5.4.0"
            },
            "require-dev": {
                "phpunit/phpunit": "^4.0 || ^5.0 || ^6.0 || ^7.0"
            },
            "bin": [
                "bin/phpcs",
                "bin/phpcbf"
            ],
            "type": "library",
            "extra": {
                "branch-alias": {
                    "dev-master": "3.x-dev"
                }
            },
            "notification-url": "https://packagist.org/downloads/",
            "license": [
                "BSD-3-Clause"
            ],
            "authors": [
                {
                    "name": "Greg Sherwood",
                    "role": "lead"
                }
            ],
            "description": "PHP_CodeSniffer tokenizes PHP, JavaScript and CSS files and detects violations of a defined set of coding standards.",
            "homepage": "https://github.com/squizlabs/PHP_CodeSniffer",
            "keywords": [
                "phpcs",
                "standards"
            ],
            "time": "2020-01-30T22:20:29+00:00"
        },
        {
            "name": "wp-coding-standards/wpcs",
            "version": "2.2.1",
            "source": {
                "type": "git",
                "url": "https://github.com/WordPress/WordPress-Coding-Standards.git",
                "reference": "b5a453203114cc2284b1a614c4953456fbe4f546"
            },
            "dist": {
                "type": "zip",
                "url": "https://api.github.com/repos/WordPress/WordPress-Coding-Standards/zipball/b5a453203114cc2284b1a614c4953456fbe4f546",
                "reference": "b5a453203114cc2284b1a614c4953456fbe4f546",
                "shasum": ""
            },
            "require": {
                "php": ">=5.4",
                "squizlabs/php_codesniffer": "^3.3.1"
            },
            "require-dev": {
                "dealerdirect/phpcodesniffer-composer-installer": "^0.5 || ^0.6",
                "phpcompatibility/php-compatibility": "^9.0",
                "phpunit/phpunit": "^4.0 || ^5.0 || ^6.0 || ^7.0"
            },
            "suggest": {
                "dealerdirect/phpcodesniffer-composer-installer": "^0.6 || This Composer plugin will sort out the PHPCS 'installed_paths' automatically."
            },
            "type": "phpcodesniffer-standard",
            "notification-url": "https://packagist.org/downloads/",
            "license": [
                "MIT"
            ],
            "authors": [
                {
                    "name": "Contributors",
                    "homepage": "https://github.com/WordPress/WordPress-Coding-Standards/graphs/contributors"
                }
            ],
            "description": "PHP_CodeSniffer rules (sniffs) to enforce WordPress coding conventions",
            "keywords": [
                "phpcs",
                "standards",
                "wordpress"
            ],
            "time": "2020-02-04T02:52:06+00:00"
        }
    ],
    "packages-dev": [],
    "aliases": [],
    "minimum-stability": "stable",
    "stability-flags": {
        "ceceppa/meno": 20
    },
    "prefer-stable": false,
    "prefer-lowest": false,
    "platform": [],
    "platform-dev": [],
    "plugin-api-version": "1.1.0"
}
